// !$*UTF8*$!
{
	archiveVersion = 1;
	classes = {
	};
	objectVersion = 46;
	objects = {

/* Begin PBXBuildFile section */
		01154F611D0EF4B50067F018 /* AFNetworking.framework in Frameworks */ = {isa = PBXBuildFile; fileRef = 01154F541D0EF4860067F018 /* AFNetworking.framework */; };
		01154F621D0EF4BF0067F018 /* AFNetworking.framework in Frameworks */ = {isa = PBXBuildFile; fileRef = 01154F541D0EF4860067F018 /* AFNetworking.framework */; };
		01154F631D0EF4BF0067F018 /* AFNetworking.framework in Embed Frameworks */ = {isa = PBXBuildFile; fileRef = 01154F541D0EF4860067F018 /* AFNetworking.framework */; settings = {ATTRIBUTES = (CodeSignOnCopy, RemoveHeadersOnCopy, ); }; };
		D233D07A16B400EF005212DE /* InfoPlist.strings in Resources */ = {isa = PBXBuildFile; fileRef = D233D07816B400EF005212DE /* InfoPlist.strings */; };
		D233D07C16B400EF005212DE /* main.m in Sources */ = {isa = PBXBuildFile; fileRef = D233D07B16B400EF005212DE /* main.m */; };
		D233D08016B400EF005212DE /* WTAppDelegate.m in Sources */ = {isa = PBXBuildFile; fileRef = D233D07F16B400EF005212DE /* WTAppDelegate.m */; };
		D233D08916B400EF005212DE /* MainStoryboard.storyboard in Resources */ = {isa = PBXBuildFile; fileRef = D233D08716B400EF005212DE /* MainStoryboard.storyboard */; };
		D233D09416B4011B005212DE /* WTTableViewController.m in Sources */ = {isa = PBXBuildFile; fileRef = D233D09316B4011B005212DE /* WTTableViewController.m */; };
		D233D0CC16B405C3005212DE /* WeatherAnimationViewController.m in Sources */ = {isa = PBXBuildFile; fileRef = D233D0CB16B405C3005212DE /* WeatherAnimationViewController.m */; };
		D233D0D216B405D5005212DE /* NSDictionary+weather_package.m in Sources */ = {isa = PBXBuildFile; fileRef = D233D0CF16B405D5005212DE /* NSDictionary+weather_package.m */; };
		D233D0D316B405D5005212DE /* NSDictionary+weather.m in Sources */ = {isa = PBXBuildFile; fileRef = D233D0D116B405D5005212DE /* NSDictionary+weather.m */; };
		F957DCDE185F27ED008DCB3B /* Images.xcassets in Resources */ = {isa = PBXBuildFile; fileRef = F957DCDD185F27ED008DCB3B /* Images.xcassets */; };
		F957DCE2185F35B8008DCB3B /* Foundation.framework in Frameworks */ = {isa = PBXBuildFile; fileRef = F957DCE0185F35B8008DCB3B /* Foundation.framework */; };
		F957DCE4185F35C7008DCB3B /* CoreGraphics.framework in Frameworks */ = {isa = PBXBuildFile; fileRef = F957DCE3185F35C7008DCB3B /* CoreGraphics.framework */; };
		F957DCE6185F35CC008DCB3B /* CoreLocation.framework in Frameworks */ = {isa = PBXBuildFile; fileRef = F957DCE5185F35CC008DCB3B /* CoreLocation.framework */; };
		F957DCE8185F35D8008DCB3B /* MobileCoreServices.framework in Frameworks */ = {isa = PBXBuildFile; fileRef = F957DCE7185F35D8008DCB3B /* MobileCoreServices.framework */; };
		F957DCEA185F35E0008DCB3B /* SystemConfiguration.framework in Frameworks */ = {isa = PBXBuildFile; fileRef = F957DCE9185F35E0008DCB3B /* SystemConfiguration.framework */; };
		F957DCEC185F35E6008DCB3B /* UIKit.framework in Frameworks */ = {isa = PBXBuildFile; fileRef = F957DCEB185F35E6008DCB3B /* UIKit.framework */; };
		F957DD28185F3E90008DCB3B /* Security.framework in Frameworks */ = {isa = PBXBuildFile; fileRef = F957DD27185F3E90008DCB3B /* Security.framework */; };
/* End PBXBuildFile section */

/* Begin PBXContainerItemProxy section */
		01154F531D0EF4860067F018 /* PBXContainerItemProxy */ = {
			isa = PBXContainerItemProxy;
			containerPortal = 01154F491D0EF4860067F018 /* AFNetworking.xcodeproj */;
			proxyType = 2;
			remoteGlobalIDString = 299522391BBF104D00859F49;
			remoteInfo = "AFNetworking iOS";
		};
		01154F551D0EF4860067F018 /* PBXContainerItemProxy */ = {
			isa = PBXContainerItemProxy;
			containerPortal = 01154F491D0EF4860067F018 /* AFNetworking.xcodeproj */;
			proxyType = 2;
			remoteGlobalIDString = 299522651BBF129200859F49;
			remoteInfo = "AFNetworking watchOS";
		};
		01154F571D0EF4860067F018 /* PBXContainerItemProxy */ = {
			isa = PBXContainerItemProxy;
			containerPortal = 01154F491D0EF4860067F018 /* AFNetworking.xcodeproj */;
			proxyType = 2;
			remoteGlobalIDString = 299522771BBF136400859F49;
			remoteInfo = "AFNetworking OS X";
		};
		01154F591D0EF4860067F018 /* PBXContainerItemProxy */ = {
			isa = PBXContainerItemProxy;
			containerPortal = 01154F491D0EF4860067F018 /* AFNetworking.xcodeproj */;
			proxyType = 2;
			remoteGlobalIDString = 2987B0A51BC408A200179A4C;
			remoteInfo = "AFNetworking tvOS";
		};
		01154F5B1D0EF4860067F018 /* PBXContainerItemProxy */ = {
			isa = PBXContainerItemProxy;
			containerPortal = 01154F491D0EF4860067F018 /* AFNetworking.xcodeproj */;
			proxyType = 2;
			remoteGlobalIDString = 298D7C3B1BC2C79500FD3B3E;
			remoteInfo = "AFNetworking iOS Tests";
		};
		01154F5D1D0EF4860067F018 /* PBXContainerItemProxy */ = {
			isa = PBXContainerItemProxy;
			containerPortal = 01154F491D0EF4860067F018 /* AFNetworking.xcodeproj */;
			proxyType = 2;
			remoteGlobalIDString = 298D7C4A1BC2C7B200FD3B3E;
			remoteInfo = "AFNetworking Mac OS X Tests";
		};
		01154F5F1D0EF4860067F018 /* PBXContainerItemProxy */ = {
			isa = PBXContainerItemProxy;
			containerPortal = 01154F491D0EF4860067F018 /* AFNetworking.xcodeproj */;
			proxyType = 2;
			remoteGlobalIDString = 2987B0AE1BC408A200179A4C;
			remoteInfo = "AFNetworking tvOS Tests";
		};
		01154F641D0EF4BF0067F018 /* PBXContainerItemProxy */ = {
			isa = PBXContainerItemProxy;
			containerPortal = 01154F491D0EF4860067F018 /* AFNetworking.xcodeproj */;
			proxyType = 1;
			remoteGlobalIDString = 299522381BBF104D00859F49;
			remoteInfo = "AFNetworking iOS";
		};
/* End PBXContainerItemProxy section */

/* Begin PBXCopyFilesBuildPhase section */
		01154F661D0EF4BF0067F018 /* Embed Frameworks */ = {
			isa = PBXCopyFilesBuildPhase;
			buildActionMask = 2147483647;
			dstPath = "";
			dstSubfolderSpec = 10;
			files = (
				01154F631D0EF4BF0067F018 /* AFNetworking.framework in Embed Frameworks */,
			);
			name = "Embed Frameworks";
			runOnlyForDeploymentPostprocessing = 0;
		};
/* End PBXCopyFilesBuildPhase section */

/* Begin PBXFileReference section */
		01154F491D0EF4860067F018 /* AFNetworking.xcodeproj */ = {isa = PBXFileReference; lastKnownFileType = "wrapper.pb-project"; name = AFNetworking.xcodeproj; path = "AFNetworking-master/AFNetworking.xcodeproj"; sourceTree = "<group>"; };
		D233D06B16B400EF005212DE /* Weather.app */ = {isa = PBXFileReference; explicitFileType = wrapper.application; includeInIndex = 0; path = Weather.app; sourceTree = BUILT_PRODUCTS_DIR; };
		D233D07716B400EF005212DE /* Weather-Info.plist */ = {isa = PBXFileReference; lastKnownFileType = text.plist.xml; path = "Weather-Info.plist"; sourceTree = "<group>"; };
		D233D07916B400EF005212DE /* en */ = {isa = PBXFileReference; lastKnownFileType = text.plist.strings; name = en; path = en.lproj/InfoPlist.strings; sourceTree = "<group>"; };
		D233D07B16B400EF005212DE /* main.m */ = {isa = PBXFileReference; lastKnownFileType = sourcecode.c.objc; path = main.m; sourceTree = "<group>"; };
		D233D07D16B400EF005212DE /* Weather-Prefix.pch */ = {isa = PBXFileReference; lastKnownFileType = sourcecode.c.h; path = "Weather-Prefix.pch"; sourceTree = "<group>"; };
		D233D07E16B400EF005212DE /* WTAppDelegate.h */ = {isa = PBXFileReference; lastKnownFileType = sourcecode.c.h; path = WTAppDelegate.h; sourceTree = "<group>"; };
		D233D07F16B400EF005212DE /* WTAppDelegate.m */ = {isa = PBXFileReference; lastKnownFileType = sourcecode.c.objc; path = WTAppDelegate.m; sourceTree = "<group>"; };
		D233D08816B400EF005212DE /* en */ = {isa = PBXFileReference; lastKnownFileType = file.storyboard; name = en; path = en.lproj/MainStoryboard.storyboard; sourceTree = "<group>"; };
		D233D09216B4011B005212DE /* WTTableViewController.h */ = {isa = PBXFileReference; fileEncoding = 4; lastKnownFileType = sourcecode.c.h; path = WTTableViewController.h; sourceTree = "<group>"; };
		D233D09316B4011B005212DE /* WTTableViewController.m */ = {isa = PBXFileReference; fileEncoding = 4; lastKnownFileType = sourcecode.c.objc; path = WTTableViewController.m; sourceTree = "<group>"; };
		D233D0CA16B405C3005212DE /* WeatherAnimationViewController.h */ = {isa = PBXFileReference; fileEncoding = 4; lastKnownFileType = sourcecode.c.h; path = WeatherAnimationViewController.h; sourceTree = "<group>"; };
		D233D0CB16B405C3005212DE /* WeatherAnimationViewController.m */ = {isa = PBXFileReference; fileEncoding = 4; lastKnownFileType = sourcecode.c.objc; path = WeatherAnimationViewController.m; sourceTree = "<group>"; };
		D233D0CE16B405D5005212DE /* NSDictionary+weather_package.h */ = {isa = PBXFileReference; fileEncoding = 4; lastKnownFileType = sourcecode.c.h; path = "NSDictionary+weather_package.h"; sourceTree = "<group>"; };
		D233D0CF16B405D5005212DE /* NSDictionary+weather_package.m */ = {isa = PBXFileReference; fileEncoding = 4; lastKnownFileType = sourcecode.c.objc; path = "NSDictionary+weather_package.m"; sourceTree = "<group>"; };
		D233D0D016B405D5005212DE /* NSDictionary+weather.h */ = {isa = PBXFileReference; fileEncoding = 4; lastKnownFileType = sourcecode.c.h; path = "NSDictionary+weather.h"; sourceTree = "<group>"; };
		D233D0D116B405D5005212DE /* NSDictionary+weather.m */ = {isa = PBXFileReference; fileEncoding = 4; lastKnownFileType = sourcecode.c.objc; path = "NSDictionary+weather.m"; sourceTree = "<group>"; };
		F957DCDD185F27ED008DCB3B /* Images.xcassets */ = {isa = PBXFileReference; lastKnownFileType = folder.assetcatalog; path = Images.xcassets; sourceTree = "<group>"; };
		F957DCE0185F35B8008DCB3B /* Foundation.framework */ = {isa = PBXFileReference; lastKnownFileType = wrapper.framework; name = Foundation.framework; path = System/Library/Frameworks/Foundation.framework; sourceTree = SDKROOT; };
		F957DCE3185F35C7008DCB3B /* CoreGraphics.framework */ = {isa = PBXFileReference; lastKnownFileType = wrapper.framework; name = CoreGraphics.framework; path = System/Library/Frameworks/CoreGraphics.framework; sourceTree = SDKROOT; };
		F957DCE5185F35CC008DCB3B /* CoreLocation.framework */ = {isa = PBXFileReference; lastKnownFileType = wrapper.framework; name = CoreLocation.framework; path = System/Library/Frameworks/CoreLocation.framework; sourceTree = SDKROOT; };
		F957DCE7185F35D8008DCB3B /* MobileCoreServices.framework */ = {isa = PBXFileReference; lastKnownFileType = wrapper.framework; name = MobileCoreServices.framework; path = System/Library/Frameworks/MobileCoreServices.framework; sourceTree = SDKROOT; };
		F957DCE9185F35E0008DCB3B /* SystemConfiguration.framework */ = {isa = PBXFileReference; lastKnownFileType = wrapper.framework; name = SystemConfiguration.framework; path = System/Library/Frameworks/SystemConfiguration.framework; sourceTree = SDKROOT; };
		F957DCEB185F35E6008DCB3B /* UIKit.framework */ = {isa = PBXFileReference; lastKnownFileType = wrapper.framework; name = UIKit.framework; path = System/Library/Frameworks/UIKit.framework; sourceTree = SDKROOT; };
		F957DD27185F3E90008DCB3B /* Security.framework */ = {isa = PBXFileReference; lastKnownFileType = wrapper.framework; name = Security.framework; path = System/Library/Frameworks/Security.framework; sourceTree = SDKROOT; };
/* End PBXFileReference section */

/* Begin PBXFrameworksBuildPhase section */
		D233D06816B400EF005212DE /* Frameworks */ = {
			isa = PBXFrameworksBuildPhase;
			buildActionMask = 2147483647;
			files = (
				01154F611D0EF4B50067F018 /* AFNetworking.framework in Frameworks */,
				F957DCE4185F35C7008DCB3B /* CoreGraphics.framework in Frameworks */,
				F957DCE6185F35CC008DCB3B /* CoreLocation.framework in Frameworks */,
				F957DCE2185F35B8008DCB3B /* Foundation.framework in Frameworks */,
				F957DCE8185F35D8008DCB3B /* MobileCoreServices.framework in Frameworks */,
				F957DD28185F3E90008DCB3B /* Security.framework in Frameworks */,
				F957DCEA185F35E0008DCB3B /* SystemConfiguration.framework in Frameworks */,
				01154F621D0EF4BF0067F018 /* AFNetworking.framework in Frameworks */,
				F957DCEC185F35E6008DCB3B /* UIKit.framework in Frameworks */,
			);
			runOnlyForDeploymentPostprocessing = 0;
		};
/* End PBXFrameworksBuildPhase section */

/* Begin PBXGroup section */
		01154F4A1D0EF4860067F018 /* Products */ = {
			isa = PBXGroup;
			children = (
				01154F541D0EF4860067F018 /* AFNetworking.framework */,
				01154F561D0EF4860067F018 /* AFNetworking.framework */,
				01154F581D0EF4860067F018 /* AFNetworking.framework */,
				01154F5A1D0EF4860067F018 /* AFNetworking.framework */,
				01154F5C1D0EF4860067F018 /* AFNetworking iOS Tests.xctest */,
				01154F5E1D0EF4860067F018 /* AFNetworking Mac OS X Tests.xctest */,
				01154F601D0EF4860067F018 /* AFNetworking tvOS Tests.xctest */,
			);
			name = Products;
			sourceTree = "<group>";
		};
		D233D06016B400EF005212DE = {
			isa = PBXGroup;
			children = (
				01154F491D0EF4860067F018 /* AFNetworking.xcodeproj */,
				D233D07516B400EF005212DE /* Weather */,
				D233D06E16B400EF005212DE /* Frameworks */,
				D233D06C16B400EF005212DE /* Products */,
			);
			sourceTree = "<group>";
		};
		D233D06C16B400EF005212DE /* Products */ = {
			isa = PBXGroup;
			children = (
				D233D06B16B400EF005212DE /* Weather.app */,
			);
			name = Products;
			sourceTree = "<group>";
		};
		D233D06E16B400EF005212DE /* Frameworks */ = {
			isa = PBXGroup;
			children = (
				F957DCE3185F35C7008DCB3B /* CoreGraphics.framework */,
				F957DCE5185F35CC008DCB3B /* CoreLocation.framework */,
				F957DCE0185F35B8008DCB3B /* Foundation.framework */,
				F957DCE7185F35D8008DCB3B /* MobileCoreServices.framework */,
				F957DD27185F3E90008DCB3B /* Security.framework */,
				F957DCE9185F35E0008DCB3B /* SystemConfiguration.framework */,
				F957DCEB185F35E6008DCB3B /* UIKit.framework */,
			);
			name = Frameworks;
			sourceTree = "<group>";
		};
		D233D07516B400EF005212DE /* Weather */ = {
			isa = PBXGroup;
			children = (
				D233D08716B400EF005212DE /* MainStoryboard.storyboard */,
				D233D0D016B405D5005212DE /* NSDictionary+weather.h */,
				D233D0D116B405D5005212DE /* NSDictionary+weather.m */,
				D233D0CE16B405D5005212DE /* NSDictionary+weather_package.h */,
				D233D0CF16B405D5005212DE /* NSDictionary+weather_package.m */,
				D233D0CA16B405C3005212DE /* WeatherAnimationViewController.h */,
				D233D0CB16B405C3005212DE /* WeatherAnimationViewController.m */,
				D233D07E16B400EF005212DE /* WTAppDelegate.h */,
				D233D07F16B400EF005212DE /* WTAppDelegate.m */,
				D233D09216B4011B005212DE /* WTTableViewController.h */,
				D233D09316B4011B005212DE /* WTTableViewController.m */,
				D233D07616B400EF005212DE /* Supporting Files */,
			);
			path = Weather;
			sourceTree = "<group>";
		};
		D233D07616B400EF005212DE /* Supporting Files */ = {
			isa = PBXGroup;
			children = (
				F957DCDD185F27ED008DCB3B /* Images.xcassets */,
				D233D07716B400EF005212DE /* Weather-Info.plist */,
				D233D07816B400EF005212DE /* InfoPlist.strings */,
				D233D07B16B400EF005212DE /* main.m */,
				D233D07D16B400EF005212DE /* Weather-Prefix.pch */,
			);
			name = "Supporting Files";
			sourceTree = "<group>";
		};
/* End PBXGroup section */

/* Begin PBXNativeTarget section */
		D233D06A16B400EF005212DE /* Weather */ = {
			isa = PBXNativeTarget;
			buildConfigurationList = D233D08F16B400EF005212DE /* Build configuration list for PBXNativeTarget "Weather" */;
			buildPhases = (
				D233D06716B400EF005212DE /* Sources */,
				D233D06816B400EF005212DE /* Frameworks */,
				D233D06916B400EF005212DE /* Resources */,
				01154F661D0EF4BF0067F018 /* Embed Frameworks */,
			);
			buildRules = (
			);
			dependencies = (
				01154F651D0EF4BF0067F018 /* PBXTargetDependency */,
			);
			name = Weather;
			productName = Weather;
			productReference = D233D06B16B400EF005212DE /* Weather.app */;
			productType = "com.apple.product-type.application";
		};
/* End PBXNativeTarget section */

/* Begin PBXProject section */
		D233D06216B400EF005212DE /* Project object */ = {
			isa = PBXProject;
			attributes = {
				CLASSPREFIX = WT;
				LastUpgradeCheck = 0450;
				ORGANIZATIONNAME = "Scott Sherwood";
			};
			buildConfigurationList = D233D06516B400EF005212DE /* Build configuration list for PBXProject "Weather" */;
			compatibilityVersion = "Xcode 3.2";
			developmentRegion = English;
			hasScannedForEncodings = 0;
			knownRegions = (
				en,
			);
			mainGroup = D233D06016B400EF005212DE;
			productRefGroup = D233D06C16B400EF005212DE /* Products */;
			projectDirPath = "";
			projectReferences = (
				{
					ProductGroup = 01154F4A1D0EF4860067F018 /* Products */;
					ProjectRef = 01154F491D0EF4860067F018 /* AFNetworking.xcodeproj */;
				},
			);
			projectRoot = "";
			targets = (
				D233D06A16B400EF005212DE /* Weather */,
			);
		};
/* End PBXProject section */

/* Begin PBXReferenceProxy section */
		01154F541D0EF4860067F018 /* AFNetworking.framework */ = {
			isa = PBXReferenceProxy;
			fileType = wrapper.framework;
			path = AFNetworking.framework;
			remoteRef = 01154F531D0EF4860067F018 /* PBXContainerItemProxy */;
			sourceTree = BUILT_PRODUCTS_DIR;
		};
		01154F561D0EF4860067F018 /* AFNetworking.framework */ = {
			isa = PBXReferenceProxy;
			fileType = wrapper.framework;
			path = AFNetworking.framework;
			remoteRef = 01154F551D0EF4860067F018 /* PBXContainerItemProxy */;
			sourceTree = BUILT_PRODUCTS_DIR;
		};
		01154F581D0EF4860067F018 /* AFNetworking.framework */ = {
			isa = PBXReferenceProxy;
			fileType = wrapper.framework;
			path = AFNetworking.framework;
			remoteRef = 01154F571D0EF4860067F018 /* PBXContainerItemProxy */;
			sourceTree = BUILT_PRODUCTS_DIR;
		};
		01154F5A1D0EF4860067F018 /* AFNetworking.framework */ = {
			isa = PBXReferenceProxy;
			fileType = wrapper.framework;
			path = AFNetworking.framework;
			remoteRef = 01154F591D0EF4860067F018 /* PBXContainerItemProxy */;
			sourceTree = BUILT_PRODUCTS_DIR;
		};
		01154F5C1D0EF4860067F018 /* AFNetworking iOS Tests.xctest */ = {
			isa = PBXReferenceProxy;
			fileType = wrapper.cfbundle;
			path = "AFNetworking iOS Tests.xctest";
			remoteRef = 01154F5B1D0EF4860067F018 /* PBXContainerItemProxy */;
			sourceTree = BUILT_PRODUCTS_DIR;
		};
		01154F5E1D0EF4860067F018 /* AFNetworking Mac OS X Tests.xctest */ = {
			isa = PBXReferenceProxy;
			fileType = wrapper.cfbundle;
			path = "AFNetworking Mac OS X Tests.xctest";
			remoteRef = 01154F5D1D0EF4860067F018 /* PBXContainerItemProxy */;
			sourceTree = BUILT_PRODUCTS_DIR;
		};
		01154F601D0EF4860067F018 /* AFNetworking tvOS Tests.xctest */ = {
			isa = PBXReferenceProxy;
			fileType = wrapper.cfbundle;
			path = "AFNetworking tvOS Tests.xctest";
			remoteRef = 01154F5F1D0EF4860067F018 /* PBXContainerItemProxy */;
			sourceTree = BUILT_PRODUCTS_DIR;
		};
/* End PBXReferenceProxy section */

/* Begin PBXResourcesBuildPhase section */
		D233D06916B400EF005212DE /* Resources */ = {
			isa = PBXResourcesBuildPhase;
			buildActionMask = 2147483647;
			files = (
				D233D07A16B400EF005212DE /* InfoPlist.strings in Resources */,
				D233D08916B400EF005212DE /* MainStoryboard.storyboard in Resources */,
				F957DCDE185F27ED008DCB3B /* Images.xcassets in Resources */,
			);
			runOnlyForDeploymentPostprocessing = 0;
		};
/* End PBXResourcesBuildPhase section */

/* Begin PBXSourcesBuildPhase section */
		D233D06716B400EF005212DE /* Sources */ = {
			isa = PBXSourcesBuildPhase;
			buildActionMask = 2147483647;
			files = (
				D233D07C16B400EF005212DE /* main.m in Sources */,
				D233D08016B400EF005212DE /* WTAppDelegate.m in Sources */,
				D233D09416B4011B005212DE /* WTTableViewController.m in Sources */,
				D233D0CC16B405C3005212DE /* WeatherAnimationViewController.m in Sources */,
				D233D0D216B405D5005212DE /* NSDictionary+weather_package.m in Sources */,
				D233D0D316B405D5005212DE /* NSDictionary+weather.m in Sources */,
			);
			runOnlyForDeploymentPostprocessing = 0;
		};
/* End PBXSourcesBuildPhase section */

/* Begin PBXTargetDependency section */
		01154F651D0EF4BF0067F018 /* PBXTargetDependency */ = {
			isa = PBXTargetDependency;
			name = "AFNetworking iOS";
			targetProxy = 01154F641D0EF4BF0067F018 /* PBXContainerItemProxy */;
		};
/* End PBXTargetDependency section */

/* Begin PBXVariantGroup section */
		D233D07816B400EF005212DE /* InfoPlist.strings */ = {
			isa = PBXVariantGroup;
			children = (
				D233D07916B400EF005212DE /* en */,
			);
			name = InfoPlist.strings;
			sourceTree = "<group>";
		};
		D233D08716B400EF005212DE /* MainStoryboard.storyboard */ = {
			isa = PBXVariantGroup;
			children = (
				D233D08816B400EF005212DE /* en */,
			);
			name = MainStoryboard.storyboard;
			sourceTree = "<group>";
		};
/* End PBXVariantGroup section */

/* Begin XCBuildConfiguration section */
		D233D08D16B400EF005212DE /* Debug */ = {
			isa = XCBuildConfiguration;
			buildSettings = {
				ALWAYS_SEARCH_USER_PATHS = NO;
				CLANG_CXX_LANGUAGE_STANDARD = "gnu++0x";
				CLANG_CXX_LIBRARY = "libc++";
				CLANG_ENABLE_OBJC_ARC = YES;
				CLANG_WARN_EMPTY_BODY = YES;
				CLANG_WARN__DUPLICATE_METHOD_MATCH = YES;
				"CODE_SIGN_IDENTITY[sdk=iphoneos*]" = "iPhone Developer";
				COPY_PHASE_STRIP = NO;
				GCC_C_LANGUAGE_STANDARD = gnu99;
				GCC_DYNAMIC_NO_PIC = NO;
				GCC_OPTIMIZATION_LEVEL = 0;
				GCC_PREPROCESSOR_DEFINITIONS = (
					"DEBUG=1",
					"$(inherited)",
				);
				GCC_SYMBOLS_PRIVATE_EXTERN = NO;
				GCC_WARN_ABOUT_RETURN_TYPE = YES;
				GCC_WARN_UNINITIALIZED_AUTOS = YES;
				GCC_WARN_UNUSED_VARIABLE = YES;
				IPHONEOS_DEPLOYMENT_TARGET = 6.0;
				ONLY_ACTIVE_ARCH = YES;
				SDKROOT = iphoneos;
			};
			name = Debug;
		};
		D233D08E16B400EF005212DE /* Release */ = {
			isa = XCBuildConfiguration;
			buildSettings = {
				ALWAYS_SEARCH_USER_PATHS = NO;
				CLANG_CXX_LANGUAGE_STANDARD = "gnu++0x";
				CLANG_CXX_LIBRARY = "libc++";
				CLANG_ENABLE_OBJC_ARC = YES;
				CLANG_WARN_EMPTY_BODY = YES;
				CLANG_WARN__DUPLICATE_METHOD_MATCH = YES;
				"CODE_SIGN_IDENTITY[sdk=iphoneos*]" = "iPhone Developer";
				COPY_PHASE_STRIP = YES;
				GCC_C_LANGUAGE_STANDARD = gnu99;
				GCC_WARN_ABOUT_RETURN_TYPE = YES;
				GCC_WARN_UNINITIALIZED_AUTOS = YES;
				GCC_WARN_UNUSED_VARIABLE = YES;
				IPHONEOS_DEPLOYMENT_TARGET = 6.0;
				OTHER_CFLAGS = "-DNS_BLOCK_ASSERTIONS=1";
				SDKROOT = iphoneos;
				VALIDATE_PRODUCT = YES;
			};
			name = Release;
		};
		D233D09016B400EF005212DE /* Debug */ = {
			isa = XCBuildConfiguration;
			buildSettings = {
				ASSETCATALOG_COMPILER_APPICON_NAME = AppIcon;
				ASSETCATALOG_COMPILER_LAUNCHIMAGE_NAME = LaunchImage;
				CLANG_ENABLE_MODULES = NO;
				GCC_PRECOMPILE_PREFIX_HEADER = YES;
				GCC_PREFIX_HEADER = "Weather/Weather-Prefix.pch";
				INFOPLIST_FILE = "Weather/Weather-Info.plist";
				IPHONEOS_DEPLOYMENT_TARGET = 8.0;
				LD_RUNPATH_SEARCH_PATHS = "$(inherited) @executable_path/Frameworks";
				PRODUCT_NAME = "$(TARGET_NAME)";
				WRAPPER_EXTENSION = app;
			};
			name = Debug;
		};
		D233D09116B400EF005212DE /* Release */ = {
			isa = XCBuildConfiguration;
			buildSettings = {
				ASSETCATALOG_COMPILER_APPICON_NAME = AppIcon;
				ASSETCATALOG_COMPILER_LAUNCHIMAGE_NAME = LaunchImage;
				CLANG_ENABLE_MODULES = NO;
				GCC_PRECOMPILE_PREFIX_HEADER = YES;
				GCC_PREFIX_HEADER = "Weather/Weather-Prefix.pch";
				INFOPLIST_FILE = "Weather/Weather-Info.plist";
				IPHONEOS_DEPLOYMENT_TARGET = 8.0;
				LD_RUNPATH_SEARCH_PATHS = "$(inherited) @executable_path/Frameworks";
				PRODUCT_NAME = "$(TARGET_NAME)";
				WRAPPER_EXTENSION = app;
			};
			name = Release;
		};
/* End XCBuildConfiguration section */

/* Begin XCConfigurationList section */
		D233D06516B400EF005212DE /* Build configuration list for PBXProject "Weather" */ = {
			isa = XCConfigurationList;
			buildConfigurations = (
				D233D08D16B400EF005212DE /* Debug */,
				D233D08E16B400EF005212DE /* Release */,
			);
			defaultConfigurationIsVisible = 0;
			defaultConfigurationName = Release;
		};
		D233D08F16B400EF005212DE /* Build configuration list for PBXNativeTarget "Weather" */ = {
			isa = XCConfigurationList;
			buildConfigurations = (
				D233D09016B400EF005212DE /* Debug */,
				D233D09116B400EF005212DE /* Release */,
			);
			defaultConfigurationIsVisible = 0;
			defaultConfigurationName = Release;
		};
/* End XCConfigurationList section */
	};
	rootObject = D233D06216B400EF005212DE /* Project object */;
}
